<?xml version="1.0" encoding="utf-8"?>
<Project ToolsVersion="4.0" xmlns="http://schemas.microsoft.com/developer/msbuild/2003">
  <ItemGroup>
    <Filter Include="Source Files">
      <UniqueIdentifier>{4FC737F1-C7A5-4376-A066-2A32D752A2FF}</UniqueIdentifier>
      <Extensions>cpp;c;cc;cxx;c++;cppm;ixx;def;odl;idl;hpj;bat;asm;asmx</Extensions>
    </Filter>
    <Filter Include="Header Files">
      <UniqueIdentifier>{93995380-89BD-4b04-88EB-625FBE52EBFB}</UniqueIdentifier>
      <Extensions>h;hh;hpp;hxx;h++;hm;inl;inc;ipp;xsd</Extensions>
    </Filter>
    <Filter Include="Resource Files">
      <UniqueIdentifier>{67DA6AB6-F800-4c08-8B7A-83BB121AAD01}</UniqueIdentifier>
      <Extensions>rc;ico;cur;bmp;dlg;rc2;rct;bin;rgs;gif;jpg;jpeg;jpe;resx;tiff;tif;png;wav;mfcribbon-ms</Extensions>
    </Filter>
  </ItemGroup>
  <ItemGroup>
    <ClCompile Include="main.cpp">
      <Filter>Source Files</Filter>
    </ClCompile>
    <ClCompile Include="Window\Window.cpp">
      <Filter>Source Files</Filter>
    </ClCompile>
    <ClCompile Include="UserInputManager\UserInputManager.cpp">
      <Filter>Source Files</Filter>
    </ClCompile>
    <ClCompile Include="Renderers\SpaceRenderer\SpaceRenderer.cpp">
      <Filter>Source Files</Filter>
    </ClCompile>
    <ClCompile Include="Renderers\EntityRenderer\EntityRenderer.cpp">
      <Filter>Source Files</Filter>
    </ClCompile>
    <ClCompile Include="Player\Player.cpp">
      <Filter>Source Files</Filter>
    </ClCompile>
    <ClCompile Include="Map\Map.cpp">
      <Filter>Source Files</Filter>
    </ClCompile>
    <ClCompile Include="Entities\SingleTexturedNoAIEntity\SingleTexturedNoAIEntity.cpp">
      <Filter>Source Files</Filter>
    </ClCompile>
  </ItemGroup>
  <ItemGroup>
    <ClInclude Include="Window\Window.h">
      <Filter>Header Files</Filter>
    </ClInclude>
    <ClInclude Include="UserInputManager\UserInputManager.h">
      <Filter>Header Files</Filter>
    </ClInclude>
    <ClInclude Include="Texture\Texture.h">
      <Filter>Header Files</Filter>
    </ClInclude>
    <ClInclude Include="Renderers\SpaceRenderer\SpaceRenderer.h">
      <Filter>Header Files</Filter>
    </ClInclude>
    <ClInclude Include="Renderers\EntityRenderer\EntityRenderer.h">
      <Filter>Header Files</Filter>
    </ClInclude>
    <ClInclude Include="Player\Player.h">
      <Filter>Header Files</Filter>
    </ClInclude>
    <ClInclude Include="Map\Map.h">
      <Filter>Header Files</Filter>
    </ClInclude>
    <ClInclude Include="Entities\SingleTexturedNoAIEntity\SingleTexturedNoAIEntity.h">
      <Filter>Header Files</Filter>
    </ClInclude>
    <ClInclude Include="Constants\Constants.h">
      <Filter>Header Files</Filter>
    </ClInclude>
  </ItemGroup>
  <ItemGroup>
    <Text Include="Renderers\SpaceRenderer\Shaders\SpaceFragmentShader.txt">
      <Filter>Resource Files</Filter>
    </Text>
    <Text Include="Renderers\SpaceRenderer\Shaders\SpaceVertexShader.txt">
      <Filter>Resource Files</Filter>
    </Text>
    <Text Include="Renderers\EntityRenderer\Shaders\EntityFragmentShader.txt">
      <Filter>Resource Files</Filter>
    </Text>
    <Text Include="Renderers\EntityRenderer\Shaders\EntityVertexShader.txt">
      <Filter>Resource Files</Filter>
    </Text>
  </ItemGroup>
</Project>